// !$*UTF8*$!
{
	archiveVersion = 1;
	classes = {
	};
	objectVersion = 48;
	objects = {

/* Begin PBXBuildFile section */
		467E8D792022363F00C814EC /* AppDelegate.swift in Sources */ = {isa = PBXBuildFile; fileRef = 467E8D782022363F00C814EC /* AppDelegate.swift */; };
		467E8D7B2022363F00C814EC /* ViewController.swift in Sources */ = {isa = PBXBuildFile; fileRef = 467E8D7A2022363F00C814EC /* ViewController.swift */; };
		467E8D7E2022363F00C814EC /* Main.storyboard in Resources */ = {isa = PBXBuildFile; fileRef = 467E8D7C2022363F00C814EC /* Main.storyboard */; };
		467E8D812022363F00C814EC /* BindrsTalk.xcdatamodeld in Sources */ = {isa = PBXBuildFile; fileRef = 467E8D7F2022363F00C814EC /* BindrsTalk.xcdatamodeld */; };
		467E8D832022363F00C814EC /* Assets.xcassets in Resources */ = {isa = PBXBuildFile; fileRef = 467E8D822022363F00C814EC /* Assets.xcassets */; };
		467E8D862022363F00C814EC /* LaunchScreen.storyboard in Resources */ = {isa = PBXBuildFile; fileRef = 467E8D842022363F00C814EC /* LaunchScreen.storyboard */; };
/* End PBXBuildFile section */

/* Begin PBXFileReference section */
		467E8D752022363F00C814EC /* BindrsTalk.app */ = {isa = PBXFileReference; explicitFileType = wrapper.application; includeInIndex = 0; path = BindrsTalk.app; sourceTree = BUILT_PRODUCTS_DIR; };
		467E8D782022363F00C814EC /* AppDelegate.swift */ = {isa = PBXFileReference; lastKnownFileType = sourcecode.swift; path = AppDelegate.swift; sourceTree = "<group>"; };
		467E8D7A2022363F00C814EC /* ViewController.swift */ = {isa = PBXFileReference; lastKnownFileType = sourcecode.swift; path = ViewController.swift; sourceTree = "<group>"; };
		467E8D7D2022363F00C814EC /* Base */ = {isa = PBXFileReference; lastKnownFileType = file.storyboard; name = Base; path = Base.lproj/Main.storyboard; sourceTree = "<group>"; };
		467E8D802022363F00C814EC /* BindrsTalk.xcdatamodel */ = {isa = PBXFileReference; lastKnownFileType = wrapper.xcdatamodel; path = BindrsTalk.xcdatamodel; sourceTree = "<group>"; };
		467E8D822022363F00C814EC /* Assets.xcassets */ = {isa = PBXFileReference; lastKnownFileType = folder.assetcatalog; path = Assets.xcassets; sourceTree = "<group>"; };
		467E8D852022363F00C814EC /* Base */ = {isa = PBXFileReference; lastKnownFileType = file.storyboard; name = Base; path = Base.lproj/LaunchScreen.storyboard; sourceTree = "<group>"; };
		467E8D872022363F00C814EC /* Info.plist */ = {isa = PBXFileReference; lastKnownFileType = text.plist.xml; path = Info.plist; sourceTree = "<group>"; };
/* End PBXFileReference section */

/* Begin PBXFrameworksBuildPhase section */
		467E8D722022363F00C814EC /* Frameworks */ = {
			isa = PBXFrameworksBuildPhase;
			buildActionMask = 2147483647;
			files = (
			);
			runOnlyForDeploymentPostprocessing = 0;
		};
/* End PBXFrameworksBuildPhase section */

/* Begin PBXGroup section */
		467E8D6C2022363F00C814EC = {
			isa = PBXGroup;
			children = (
				467E8D772022363F00C814EC /* BindrsTalk */,
				467E8D762022363F00C814EC /* Products */,
			);
			sourceTree = "<group>";
		};
		467E8D762022363F00C814EC /* Products */ = {
			isa = PBXGroup;
			children = (
				467E8D752022363F00C814EC /* BindrsTalk.app */,
			);
			name = Products;
			sourceTree = "<group>";
		};
		467E8D772022363F00C814EC /* BindrsTalk */ = {
			isa = PBXGroup;
			children = (
				467E8D782022363F00C814EC /* AppDelegate.swift */,
				467E8D7A2022363F00C814EC /* ViewController.swift */,
				467E8D7C2022363F00C814EC /* Main.storyboard */,
				467E8D822022363F00C814EC /* Assets.xcassets */,
				467E8D842022363F00C814EC /* LaunchScreen.storyboard */,
				467E8D872022363F00C814EC /* Info.plist */,
				467E8D7F2022363F00C814EC /* BindrsTalk.xcdatamodeld */,
			);
			path = BindrsTalk;
			sourceTree = "<group>";
		};
/* End PBXGroup section */

/* Begin PBXNativeTarget section */
		467E8D742022363F00C814EC /* BindrsTalk */ = {
			isa = PBXNativeTarget;
			buildConfigurationList = 467E8D8A2022363F00C814EC /* Build configuration list for PBXNativeTarget "BindrsTalk" */;
			buildPhases = (
				467E8D712022363F00C814EC /* Sources */,
				467E8D722022363F00C814EC /* Frameworks */,
				467E8D732022363F00C814EC /* Resources */,
			);
			buildRules = (
			);
			dependencies = (
			);
			name = BindrsTalk;
			productName = BindrsTalk;
			productReference = 467E8D752022363F00C814EC /* BindrsTalk.app */;
			productType = "com.apple.product-type.application";
		};
/* End PBXNativeTarget section */

/* Begin PBXProject section */
		467E8D6D2022363F00C814EC /* Project object */ = {
			isa = PBXProject;
			attributes = {
				LastSwiftUpdateCheck = 0920;
				LastUpgradeCheck = 0920;
				ORGANIZATIONNAME = Bindrs;
				TargetAttributes = {
					467E8D742022363F00C814EC = {
						CreatedOnToolsVersion = 9.2;
						ProvisioningStyle = Automatic;
					};
				};
			};
			buildConfigurationList = 467E8D702022363F00C814EC /* Build configuration list for PBXProject "BindrsTalk" */;
			compatibilityVersion = "Xcode 8.0";
			developmentRegion = en;
			hasScannedForEncodings = 0;
			knownRegions = (
				en,
				Base,
			);
			mainGroup = 467E8D6C2022363F00C814EC;
			productRefGroup = 467E8D762022363F00C814EC /* Products */;
			projectDirPath = "";
			projectRoot = "";
			targets = (
				467E8D742022363F00C814EC /* BindrsTalk */,
			);
		};
/* End PBXProject section */

/* Begin PBXResourcesBuildPhase section */
		467E8D732022363F00C814EC /* Resources */ = {
			isa = PBXResourcesBuildPhase;
			buildActionMask = 2147483647;
			files = (
				467E8D862022363F00C814EC /* LaunchScreen.storyboard in Resources */,
				467E8D832022363F00C814EC /* Assets.xcassets in Resources */,
				467E8D7E2022363F00C814EC /* Main.storyboard in Resources */,
			);
			runOnlyForDeploymentPostprocessing = 0;
		};
/* End PBXResourcesBuildPhase section */

/* Begin PBXSourcesBuildPhase section */
		467E8D712022363F00C814EC /* Sources */ = {
			isa = PBXSourcesBuildPhase;
			buildActionMask = 2147483647;
			files = (
				467E8D7B2022363F00C814EC /* ViewController.swift in Sources */,
				467E8D792022363F00C814EC /* AppDelegate.swift in Sources */,
				467E8D812022363F00C814EC /* BindrsTalk.xcdatamodeld in Sources */,
			);
			runOnlyForDeploymentPostprocessing = 0;
		};
/* End PBXSourcesBuildPhase section */

/* Begin PBXVariantGroup section */
		467E8D7C2022363F00C814EC /* Main.storyboard */ = {
			isa = PBXVariantGroup;
			children = (
				467E8D7D2022363F00C814EC /* Base */,
			);
			name = Main.storyboard;
			sourceTree = "<group>";
		};
		467E8D842022363F00C814EC /* LaunchScreen.storyboard */ = {
			isa = PBXVariantGroup;
			children = (
				467E8D852022363F00C814EC /* Base */,
			);
			name = LaunchScreen.storyboard;
			sourceTree = "<group>";
		};
/* End PBXVariantGroup section */

/* Begin XCBuildConfiguration section */
		467E8D882022363F00C814EC /* Debug */ = {
			isa = XCBuildConfiguration;
			buildSettings = {
				ALWAYS_SEARCH_USER_PATHS = NO;
				CLANG_ANALYZER_NONNULL = YES;
				CLANG_ANALYZER_NUMBER_OBJECT_CONVERSION = YES_AGGRESSIVE;
				CLANG_CXX_LANGUAGE_STANDARD = "gnu++14";
				CLANG_CXX_LIBRARY = "libc++";
				CLANG_ENABLE_MODULES = YES;
				CLANG_ENABLE_OBJC_ARC = YES;
				CLANG_WARN_BLOCK_CAPTURE_AUTORELEASING = YES;
				CLANG_WARN_BOOL_CONVERSION = YES;
				CLANG_WARN_COMMA = YES;
				CLANG_WARN_CONSTANT_CONVERSION = YES;
				CLANG_WARN_DIRECT_OBJC_ISA_USAGE = YES_ERROR;
				CLANG_WARN_DOCUMENTATION_COMMENTS = YES;
				CLANG_WARN_EMPTY_BODY = YES;
				CLANG_WARN_ENUM_CONVERSION = YES;
				CLANG_WARN_INFINITE_RECURSION = YES;
				CLANG_WARN_INT_CONVERSION = YES;
				CLANG_WARN_NON_LITERAL_NULL_CONVERSION = YES;
				CLANG_WARN_OBJC_LITERAL_CONVERSION = YES;
				CLANG_WARN_OBJC_ROOT_CLASS = YES_ERROR;
				CLANG_WARN_RANGE_LOOP_ANALYSIS = YES;
				CLANG_WARN_STRICT_PROTOTYPES = YES;
				CLANG_WARN_SUSPICIOUS_MOVE = YES;
				CLANG_WARN_UNGUARDED_AVAILABILITY = YES_AGGRESSIVE;
				CLANG_WARN_UNREACHABLE_CODE = YES;
				CLANG_WARN__DUPLICATE_METHOD_MATCH = YES;
				CODE_SIGN_IDENTITY = "iPhone Developer";
				COPY_PHASE_STRIP = NO;
				DEBUG_INFORMATION_FORMAT = dwarf;
				ENABLE_STRICT_OBJC_MSGSEND = YES;
				ENABLE_TESTABILITY = YES;
				GCC_C_LANGUAGE_STANDARD = gnu11;
				GCC_DYNAMIC_NO_PIC = NO;
				GCC_NO_COMMON_BLOCKS = YES;
				GCC_OPTIMIZATION_LEVEL = 0;
				GCC_PREPROCESSOR_DEFINITIONS = (
					"DEBUG=1",
					"$(inherited)",
				);
				GCC_WARN_64_TO_32_BIT_CONVERSION = YES;
				GCC_WARN_ABOUT_RETURN_TYPE = YES_ERROR;
				GCC_WARN_UNDECLARED_SELECTOR = YES;
				GCC_WARN_UNINITIALIZED_AUTOS = YES_AGGRESSIVE;
				GCC_WARN_UNUSED_FUNCTION = YES;
				GCC_WARN_UNUSED_VARIABLE = YES;
				IPHONEOS_DEPLOYMENT_TARGET = 11.2;
				MTL_ENABLE_DEBUG_INFO = YES;
				ONLY_ACTIVE_ARCH = YES;
				SDKROOT = iphoneos;
				SWIFT_ACTIVE_COMPILATION_CONDITIONS = DEBUG;
				SWIFT_OPTIMIZATION_LEVEL = "-Onone";
			};
			name = Debug;
		};
		467E8D892022363F00C814EC /* Release */ = {
			isa = XCBuildConfiguration;
			buildSettings = {
				ALWAYS_SEARCH_USER_PATHS = NO;
				CLANG_ANALYZER_NONNULL = YES;
				CLANG_ANALYZER_NUMBER_OBJECT_CONVERSION = YES_AGGRESSIVE;
				CLANG_CXX_LANGUAGE_STANDARD = "gnu++14";
				CLANG_CXX_LIBRARY = "libc++";
				CLANG_ENABLE_MODULES = YES;
				CLANG_ENABLE_OBJC_ARC = YES;
				CLANG_WARN_BLOCK_CAPTURE_AUTORELEASING = YES;
				CLANG_WARN_BOOL_CONVERSION = YES;
				CLANG_WARN_COMMA = YES;
				CLANG_WARN_CONSTANT_CONVERSION = YES;
				CLANG_WARN_DIRECT_OBJC_ISA_USAGE = YES_ERROR;
				CLANG_WARN_DOCUMENTATION_COMMENTS = YES;
				CLANG_WARN_EMPTY_BODY = YES;
				CLANG_WARN_ENUM_CONVERSION = YES;
				CLANG_WARN_INFINITE_RECURSION = YES;
				CLANG_WARN_INT_CONVERSION = YES;
				CLANG_WARN_NON_LITERAL_NULL_CONVERSION = YES;
				CLANG_WARN_OBJC_LITERAL_CONVERSION = YES;
				CLANG_WARN_OBJC_ROOT_CLASS = YES_ERROR;
				CLANG_WARN_RANGE_LOOP_ANALYSIS = YES;
				CLANG_WARN_STRICT_PROTOTYPES = YES;
				CLANG_WARN_SUSPICIOUS_MOVE = YES;
				CLANG_WARN_UNGUARDED_AVAILABILITY = YES_AGGRESSIVE;
				CLANG_WARN_UNREACHABLE_CODE = YES;
				CLANG_WARN__DUPLICATE_METHOD_MATCH = YES;
				CODE_SIGN_IDENTITY = "iPhone Developer";
				COPY_PHASE_STRIP = NO;
				DEBUG_INFORMATION_FORMAT = "dwarf-with-dsym";
				ENABLE_NS_ASSERTIONS = NO;
				ENABLE_STRICT_OBJC_MSGSEND = YES;
				GCC_C_LANGUAGE_STANDARD = gnu11;
				GCC_NO_COMMON_BLOCKS = YES;
				GCC_WARN_64_TO_32_BIT_CONVERSION = YES;
				GCC_WARN_ABOUT_RETURN_TYPE = YES_ERROR;
				GCC_WARN_UNDECLARED_SELECTOR = YES;
				GCC_WARN_UNINITIALIZED_AUTOS = YES_AGGRESSIVE;
				GCC_WARN_UNUSED_FUNCTION = YES;
				GCC_WARN_UNUSED_VARIABLE = YES;
				IPHONEOS_DEPLOYMENT_TARGET = 11.2;
				MTL_ENABLE_DEBUG_INFO = NO;
				SDKROOT = iphoneos;
				SWIFT_OPTIMIZATION_LEVEL = "-Owholemodule";
				VALIDATE_PRODUCT = YES;
			};
			name = Release;
		};
		467E8D8B2022363F00C814EC /* Debug */ = {
			isa = XCBuildConfiguration;
			buildSettings = {
				ASSETCATALOG_COMPILER_APPICON_NAME = AppIcon;
				"CODE_SIGN_IDENTITY[sdk=iphoneos*]" = "iPhone Developer";
				CODE_SIGN_STYLE = Automatic;
				DEVELOPMENT_TEAM = "";
				INFOPLIST_FILE = BindrsTalk/Info.plist;
				LD_RUNPATH_SEARCH_PATHS = "$(inherited) @executable_path/Frameworks";
				PRODUCT_BUNDLE_IDENTIFIER = Bindrs.BindrsTalk;
				PRODUCT_NAME = "$(TARGET_NAME)";
				PROVISIONING_PROFILE_SPECIFIER = "";
				SWIFT_VERSION = 4.0;
				TARGETED_DEVICE_FAMILY = "1,2";
			};
			name = Debug;
		};
		467E8D8C2022363F00C814EC /* Release */ = {
			isa = XCBuildConfiguration;
			buildSettings = {
				ASSETCATALOG_COMPILER_APPICON_NAME = AppIcon;
				"CODE_SIGN_IDENTITY[sdk=iphoneos*]" = "iPhone Developer";
				CODE_SIGN_STYLE = Automatic;
				DEVELOPMENT_TEAM = "";
				INFOPLIST_FILE = BindrsTalk/Info.plist;
				LD_RUNPATH_SEARCH_PATHS = "$(inherited) @executable_path/Frameworks";
				PRODUCT_BUNDLE_IDENTIFIER = Bindrs.BindrsTalk;
				PRODUCT_NAME = "$(TARGET_NAME)";
				PROVISIONING_PROFILE_SPECIFIER = "";
				SWIFT_VERSION = 4.0;
				TARGETED_DEVICE_FAMILY = "1,2";
			};
			name = Release;
		};
/* End XCBuildConfiguration section */

/* Begin XCConfigurationList section */
		467E8D702022363F00C814EC /* Build configuration list for PBXProject "BindrsTalk" */ = {
			isa = XCConfigurationList;
			buildConfigurations = (
				467E8D882022363F00C814EC /* Debug */,
				467E8D892022363F00C814EC /* Release */,
			);
			defaultConfigurationIsVisible = 0;
			defaultConfigurationName = Release;
		};
		467E8D8A2022363F00C814EC /* Build configuration list for PBXNativeTarget "BindrsTalk" */ = {
			isa = XCConfigurationList;
			buildConfigurations = (
				467E8D8B2022363F00C814EC /* Debug */,
				467E8D8C2022363F00C814EC /* Release */,
			);
			defaultConfigurationIsVisible = 0;
			defaultConfigurationName = Release;
		};
/* End XCConfigurationList section */

/* Begin XCVersionGroup section */
		467E8D7F2022363F00C814EC /* BindrsTalk.xcdatamodeld */ = {
			isa = XCVersionGroup;
			children = (
				467E8D802022363F00C814EC /* BindrsTalk.xcdatamodel */,
			);
			currentVersion = 467E8D802022363F00C814EC /* BindrsTalk.xcdatamodel */;
			path = BindrsTalk.xcdatamodeld;
			sourceTree = "<group>";
			versionGroupType = wrapper.xcdatamodel;
		};
/* End XCVersionGroup section */
	};
	rootObject = 467E8D6D2022363F00C814EC /* Project object */;
}
